
Microsoft Visual Studio Solution File, Format Version 12.00
# Visual Studio Version 16
VisualStudioVersion = 16.0.30804.86
MinimumVisualStudioVersion = 10.0.40219.1
Project("{9A19103F-16F7-4668-BE54-9A1E7A4F7556}") = "azprelude-core31", "azprelude-netcore31\azprelude-core31.csproj", "{F74C0554-C604-480F-BB2F-7FF35E2D662D}"
EndProject
Project("{9A19103F-16F7-4668-BE54-9A1E7A4F7556}") = "azprelude-net5", "azprelude-net5\azprelude-net5.csproj", "{0CE8CDB2-57E7-4467-B9A8-35AA4B64A003}"
EndProject
Global
	GlobalSection(SolutionConfigurationPlatforms) = preSolution
		Debug|Any CPU = Debug|Any CPU
		Release|Any CPU = Release|Any CPU
	EndGlobalSection
	GlobalSection(ProjectConfigurationPlatforms) = postSolution
		{F74C0554-C604-480F-BB2F-7FF35E2D662D}.Debug|Any CPU.ActiveCfg = Debug|Any CPU
		{F74C0554-C604-480F-BB2F-7FF35E2D662D}.Debug|Any CPU.Build.0 = Debug|Any CPU
		{F74C0554-C604-480F-BB2F-7FF35E2D662D}.Release|Any CPU.ActiveCfg = Release|Any CPU
		{F74C0554-C604-480F-BB2F-7FF35E2D662D}.Release|Any CPU.Build.0 = Release|Any CPU
		{0CE8CDB2-57E7-4467-B9A8-35AA4B64A003}.Debug|Any CPU.ActiveCfg = Debug|Any CPU
		{0CE8CDB2-57E7-4467-B9A8-35AA4B64A003}.Debug|Any CPU.Build.0 = Debug|Any CPU
		{0CE8CDB2-57E7-4467-B9A8-35AA4B64A003}.Release|Any CPU.ActiveCfg = Release|Any CPU
		{0CE8CDB2-57E7-4467-B9A8-35AA4B64A003}.Release|Any CPU.Build.0 = Release|Any CPU
	EndGlobalSection
	GlobalSection(SolutionProperties) = preSolution
		HideSolutionNode = FALSE
	EndGlobalSection
	GlobalSection(ExtensibilityGlobals) = postSolution
		SolutionGuid = {71B333A3-ACD0-4575-9C19-29EF1CEB39F6}
	EndGlobalSection
EndGlobal
